
Microsoft Visual Studio Solution File, Format Version 12.00
# Visual Studio Version 16
VisualStudioVersion = 16.0.29509.3
MinimumVisualStudioVersion = 10.0.40219.1
Project("{FAE04EC0-301F-11D3-BF4B-00C04F79EFBC}") = "Tutor_Appointments_Core_Web_App", "Tutor_Appointments_Core_Web_App.csproj", "{24E0A6EF-39F6-407D-8A4D-54F781BF2B2D}"
EndProject
Global
	GlobalSection(SolutionConfigurationPlatforms) = preSolution
		Debug|Any CPU = Debug|Any CPU
		Release|Any CPU = Release|Any CPU
	EndGlobalSection
	GlobalSection(ProjectConfigurationPlatforms) = postSolution
		{24E0A6EF-39F6-407D-8A4D-54F781BF2B2D}.Debug|Any CPU.ActiveCfg = Debug|Any CPU
		{24E0A6EF-39F6-407D-8A4D-54F781BF2B2D}.Debug|Any CPU.Build.0 = Debug|Any CPU
		{24E0A6EF-39F6-407D-8A4D-54F781BF2B2D}.Release|Any CPU.ActiveCfg = Release|Any CPU
		{24E0A6EF-39F6-407D-8A4D-54F781BF2B2D}.Release|Any CPU.Build.0 = Release|Any CPU
	EndGlobalSection
	GlobalSection(SolutionProperties) = preSolution
		HideSolutionNode = FALSE
	EndGlobalSection
	GlobalSection(ExtensibilityGlobals) = postSolution
		SolutionGuid = {C35FF80F-ACB7-437D-A49E-9F4D56432CDC}
	EndGlobalSection
EndGlobal
